
Microsoft Visual Studio Solution File, Format Version 12.00
# Visual Studio Version 16
VisualStudioVersion = 16.0.30413.136
MinimumVisualStudioVersion = 10.0.40219.1
Project("{FAE04EC0-301F-11D3-BF4B-00C04F79EFBC}") = "Lab3", "Lab3\Lab3.csproj", "{0D54E5A0-9DB8-4B1C-846E-167C4E10DFEC}"
EndProject
Global
	GlobalSection(SolutionConfigurationPlatforms) = preSolution
		Debug|Any CPU = Debug|Any CPU
		Release|Any CPU = Release|Any CPU
	EndGlobalSection
	GlobalSection(ProjectConfigurationPlatforms) = postSolution
		{0D54E5A0-9DB8-4B1C-846E-167C4E10DFEC}.Debug|Any CPU.ActiveCfg = Debug|Any CPU
		{0D54E5A0-9DB8-4B1C-846E-167C4E10DFEC}.Debug|Any CPU.Build.0 = Debug|Any CPU
		{0D54E5A0-9DB8-4B1C-846E-167C4E10DFEC}.Release|Any CPU.ActiveCfg = Release|Any CPU
		{0D54E5A0-9DB8-4B1C-846E-167C4E10DFEC}.Release|Any CPU.Build.0 = Release|Any CPU
	EndGlobalSection
	GlobalSection(SolutionProperties) = preSolution
		HideSolutionNode = FALSE
	EndGlobalSection
	GlobalSection(ExtensibilityGlobals) = postSolution
		SolutionGuid = {2D38FC74-67CB-4CC2-9DD2-9C269C4D4ECD}
	EndGlobalSection
EndGlobal
